
Microsoft Visual Studio Solution File, Format Version 12.00
# Visual Studio Version 16
VisualStudioVersion = 16.0.30011.22
MinimumVisualStudioVersion = 10.0.40219.1
Project("{FAE04EC0-301F-11D3-BF4B-00C04F79EFBC}") = "EjercicioEntregable", "EjercicioEntregable\EjercicioEntregable.csproj", "{9AE6D11A-40C5-46E4-8240-FAE8D6CCA53B}"
EndProject
Global
	GlobalSection(SolutionConfigurationPlatforms) = preSolution
		Debug|Any CPU = Debug|Any CPU
		Release|Any CPU = Release|Any CPU
	EndGlobalSection
	GlobalSection(ProjectConfigurationPlatforms) = postSolution
		{9AE6D11A-40C5-46E4-8240-FAE8D6CCA53B}.Debug|Any CPU.ActiveCfg = Debug|Any CPU
		{9AE6D11A-40C5-46E4-8240-FAE8D6CCA53B}.Debug|Any CPU.Build.0 = Debug|Any CPU
		{9AE6D11A-40C5-46E4-8240-FAE8D6CCA53B}.Release|Any CPU.ActiveCfg = Release|Any CPU
		{9AE6D11A-40C5-46E4-8240-FAE8D6CCA53B}.Release|Any CPU.Build.0 = Release|Any CPU
	EndGlobalSection
	GlobalSection(SolutionProperties) = preSolution
		HideSolutionNode = FALSE
	EndGlobalSection
	GlobalSection(ExtensibilityGlobals) = postSolution
		SolutionGuid = {7EAFA543-77E7-4BBE-BD08-DE3D787D3A36}
	EndGlobalSection
EndGlobal
